// !$*UTF8*$!
{
	archiveVersion = 1;
	classes = {
	};
	objectVersion = 46;
	objects = {

/* Begin PBXBuildFile section */
		1D3623260D0F684500981E51 /* Box2DiOSAppDelegate.m in Sources */ = {isa = PBXBuildFile; fileRef = 1D3623250D0F684500981E51 /* Box2DiOSAppDelegate.m */; };
		1D60589B0D05DD56006BFB54 /* main.m in Sources */ = {isa = PBXBuildFile; fileRef = 29B97316FDCFA39411CA2CEA /* main.m */; };
		1D60589F0D05DD5A006BFB54 /* Foundation.framework in Frameworks */ = {isa = PBXBuildFile; fileRef = 1D30AB110D05D00D00671497 /* Foundation.framework */; };
		1DF5F4E00D08C38300B7A737 /* UIKit.framework in Frameworks */ = {isa = PBXBuildFile; fileRef = 1DF5F4DF0D08C38300B7A737 /* UIKit.framework */; };
		2514C27B10084DCA00A42282 /* Shader.fsh in Resources */ = {isa = PBXBuildFile; fileRef = 2514C27910084DCA00A42282 /* Shader.fsh */; };
		2514C27C10084DCA00A42282 /* Shader.vsh in Resources */ = {isa = PBXBuildFile; fileRef = 2514C27A10084DCA00A42282 /* Shader.vsh */; };
		28EC4C5911D54ECE0027AA9F /* Box2DiOSViewController.mm in Sources */ = {isa = PBXBuildFile; fileRef = 28EC4C5711D54ECE0027AA9F /* Box2DiOSViewController.mm */; };
		28FD14FE0DC6FC130079059D /* EAGLView.m in Sources */ = {isa = PBXBuildFile; fileRef = 28FD14FD0DC6FC130079059D /* EAGLView.m */; };
		28FD15000DC6FC520079059D /* OpenGLES.framework in Frameworks */ = {isa = PBXBuildFile; fileRef = 28FD14FF0DC6FC520079059D /* OpenGLES.framework */; };
		28FD15080DC6FC5B0079059D /* QuartzCore.framework in Frameworks */ = {isa = PBXBuildFile; fileRef = 28FD15070DC6FC5B0079059D /* QuartzCore.framework */; };
		83BFBCE913E42A99001C8101 /* Box2DiOSRender.cpp in Sources */ = {isa = PBXBuildFile; fileRef = 83BFBCE813E42A99001C8101 /* Box2DiOSRender.cpp */; };
		E16E0B5B15DE4DE200725A83 /* b2BroadPhase.cpp in Sources */ = {isa = PBXBuildFile; fileRef = E16E0AF915DE4DE200725A83 /* b2BroadPhase.cpp */; };
		E16E0B5C15DE4DE200725A83 /* b2CollideCircle.cpp in Sources */ = {isa = PBXBuildFile; fileRef = E16E0AFB15DE4DE200725A83 /* b2CollideCircle.cpp */; };
		E16E0B5D15DE4DE200725A83 /* b2CollideEdge.cpp in Sources */ = {isa = PBXBuildFile; fileRef = E16E0AFC15DE4DE200725A83 /* b2CollideEdge.cpp */; };
		E16E0B5E15DE4DE200725A83 /* b2CollidePolygon.cpp in Sources */ = {isa = PBXBuildFile; fileRef = E16E0AFD15DE4DE200725A83 /* b2CollidePolygon.cpp */; };
		E16E0B5F15DE4DE200725A83 /* b2Collision.cpp in Sources */ = {isa = PBXBuildFile; fileRef = E16E0AFE15DE4DE200725A83 /* b2Collision.cpp */; };
		E16E0B6015DE4DE200725A83 /* b2Distance.cpp in Sources */ = {isa = PBXBuildFile; fileRef = E16E0B0015DE4DE200725A83 /* b2Distance.cpp */; };
		E16E0B6115DE4DE200725A83 /* b2DynamicTree.cpp in Sources */ = {isa = PBXBuildFile; fileRef = E16E0B0215DE4DE200725A83 /* b2DynamicTree.cpp */; };
		E16E0B6215DE4DE200725A83 /* b2TimeOfImpact.cpp in Sources */ = {isa = PBXBuildFile; fileRef = E16E0B0415DE4DE200725A83 /* b2TimeOfImpact.cpp */; };
		E16E0B6315DE4DE200725A83 /* b2ChainShape.cpp in Sources */ = {isa = PBXBuildFile; fileRef = E16E0B0715DE4DE200725A83 /* b2ChainShape.cpp */; };
		E16E0B6415DE4DE200725A83 /* b2CircleShape.cpp in Sources */ = {isa = PBXBuildFile; fileRef = E16E0B0915DE4DE200725A83 /* b2CircleShape.cpp */; };
		E16E0B6515DE4DE200725A83 /* b2EdgeShape.cpp in Sources */ = {isa = PBXBuildFile; fileRef = E16E0B0B15DE4DE200725A83 /* b2EdgeShape.cpp */; };
		E16E0B6615DE4DE200725A83 /* b2PolygonShape.cpp in Sources */ = {isa = PBXBuildFile; fileRef = E16E0B0D15DE4DE200725A83 /* b2PolygonShape.cpp */; };
		E16E0B6715DE4DE200725A83 /* b2BlockAllocator.cpp in Sources */ = {isa = PBXBuildFile; fileRef = E16E0B1115DE4DE200725A83 /* b2BlockAllocator.cpp */; };
		E16E0B6815DE4DE200725A83 /* b2Draw.cpp in Sources */ = {isa = PBXBuildFile; fileRef = E16E0B1315DE4DE200725A83 /* b2Draw.cpp */; };
		E16E0B6915DE4DE200725A83 /* b2Math.cpp in Sources */ = {isa = PBXBuildFile; fileRef = E16E0B1615DE4DE200725A83 /* b2Math.cpp */; };
		E16E0B6A15DE4DE200725A83 /* b2Settings.cpp in Sources */ = {isa = PBXBuildFile; fileRef = E16E0B1815DE4DE200725A83 /* b2Settings.cpp */; };
		E16E0B6B15DE4DE200725A83 /* b2StackAllocator.cpp in Sources */ = {isa = PBXBuildFile; fileRef = E16E0B1A15DE4DE200725A83 /* b2StackAllocator.cpp */; };
		E16E0B6C15DE4DE200725A83 /* b2Timer.cpp in Sources */ = {isa = PBXBuildFile; fileRef = E16E0B1C15DE4DE200725A83 /* b2Timer.cpp */; };
		E16E0B6D15DE4DE200725A83 /* b2Body.cpp in Sources */ = {isa = PBXBuildFile; fileRef = E16E0B1F15DE4DE200725A83 /* b2Body.cpp */; };
		E16E0B6E15DE4DE200725A83 /* b2ContactManager.cpp in Sources */ = {isa = PBXBuildFile; fileRef = E16E0B2115DE4DE200725A83 /* b2ContactManager.cpp */; };
		E16E0B6F15DE4DE200725A83 /* b2Fixture.cpp in Sources */ = {isa = PBXBuildFile; fileRef = E16E0B2315DE4DE200725A83 /* b2Fixture.cpp */; };
		E16E0B7015DE4DE200725A83 /* b2Island.cpp in Sources */ = {isa = PBXBuildFile; fileRef = E16E0B2515DE4DE200725A83 /* b2Island.cpp */; };
		E16E0B7115DE4DE200725A83 /* b2World.cpp in Sources */ = {isa = PBXBuildFile; fileRef = E16E0B2815DE4DE200725A83 /* b2World.cpp */; };
		E16E0B7215DE4DE200725A83 /* b2WorldCallbacks.cpp in Sources */ = {isa = PBXBuildFile; fileRef = E16E0B2A15DE4DE200725A83 /* b2WorldCallbacks.cpp */; };
		E16E0B7315DE4DE200725A83 /* b2ChainAndCircleContact.cpp in Sources */ = {isa = PBXBuildFile; fileRef = E16E0B2D15DE4DE200725A83 /* b2ChainAndCircleContact.cpp */; };
		E16E0B7415DE4DE200725A83 /* b2ChainAndPolygonContact.cpp in Sources */ = {isa = PBXBuildFile; fileRef = E16E0B2F15DE4DE200725A83 /* b2ChainAndPolygonContact.cpp */; };
		E16E0B7515DE4DE200725A83 /* b2CircleContact.cpp in Sources */ = {isa = PBXBuildFile; fileRef = E16E0B3115DE4DE200725A83 /* b2CircleContact.cpp */; };
		E16E0B7615DE4DE200725A83 /* b2Contact.cpp in Sources */ = {isa = PBXBuildFile; fileRef = E16E0B3315DE4DE200725A83 /* b2Contact.cpp */; };
		E16E0B7715DE4DE200725A83 /* b2ContactSolver.cpp in Sources */ = {isa = PBXBuildFile; fileRef = E16E0B3515DE4DE200725A83 /* b2ContactSolver.cpp */; };
		E16E0B7815DE4DE200725A83 /* b2EdgeAndCircleContact.cpp in Sources */ = {isa = PBXBuildFile; fileRef = E16E0B3715DE4DE200725A83 /* b2EdgeAndCircleContact.cpp */; };
		E16E0B7915DE4DE200725A83 /* b2EdgeAndPolygonContact.cpp in Sources */ = {isa = PBXBuildFile; fileRef = E16E0B3915DE4DE200725A83 /* b2EdgeAndPolygonContact.cpp */; };
		E16E0B7A15DE4DE200725A83 /* b2PolygonAndCircleContact.cpp in Sources */ = {isa = PBXBuildFile; fileRef = E16E0B3B15DE4DE200725A83 /* b2PolygonAndCircleContact.cpp */; };
		E16E0B7B15DE4DE200725A83 /* b2PolygonContact.cpp in Sources */ = {isa = PBXBuildFile; fileRef = E16E0B3D15DE4DE200725A83 /* b2PolygonContact.cpp */; };
		E16E0B7C15DE4DE200725A83 /* b2DistanceJoint.cpp in Sources */ = {isa = PBXBuildFile; fileRef = E16E0B4015DE4DE200725A83 /* b2DistanceJoint.cpp */; };
		E16E0B7D15DE4DE200725A83 /* b2FrictionJoint.cpp in Sources */ = {isa = PBXBuildFile; fileRef = E16E0B4215DE4DE200725A83 /* b2FrictionJoint.cpp */; };
		E16E0B7E15DE4DE200725A83 /* b2GearJoint.cpp in Sources */ = {isa = PBXBuildFile; fileRef = E16E0B4415DE4DE200725A83 /* b2GearJoint.cpp */; };
		E16E0B7F15DE4DE200725A83 /* b2Joint.cpp in Sources */ = {isa = PBXBuildFile; fileRef = E16E0B4615DE4DE200725A83 /* b2Joint.cpp */; };
		E16E0B8015DE4DE200725A83 /* b2MotorJoint.cpp in Sources */ = {isa = PBXBuildFile; fileRef = E16E0B4815DE4DE200725A83 /* b2MotorJoint.cpp */; };
		E16E0B8115DE4DE200725A83 /* b2MouseJoint.cpp in Sources */ = {isa = PBXBuildFile; fileRef = E16E0B4A15DE4DE200725A83 /* b2MouseJoint.cpp */; };
		E16E0B8215DE4DE200725A83 /* b2PrismaticJoint.cpp in Sources */ = {isa = PBXBuildFile; fileRef = E16E0B4C15DE4DE200725A83 /* b2PrismaticJoint.cpp */; };
		E16E0B8315DE4DE200725A83 /* b2PulleyJoint.cpp in Sources */ = {isa = PBXBuildFile; fileRef = E16E0B4E15DE4DE200725A83 /* b2PulleyJoint.cpp */; };
		E16E0B8415DE4DE200725A83 /* b2RevoluteJoint.cpp in Sources */ = {isa = PBXBuildFile; fileRef = E16E0B5015DE4DE200725A83 /* b2RevoluteJoint.cpp */; };
		E16E0B8515DE4DE200725A83 /* b2RopeJoint.cpp in Sources */ = {isa = PBXBuildFile; fileRef = E16E0B5215DE4DE200725A83 /* b2RopeJoint.cpp */; };
		E16E0B8615DE4DE200725A83 /* b2WeldJoint.cpp in Sources */ = {isa = PBXBuildFile; fileRef = E16E0B5415DE4DE200725A83 /* b2WeldJoint.cpp */; };
		E16E0B8715DE4DE200725A83 /* b2WheelJoint.cpp in Sources */ = {isa = PBXBuildFile; fileRef = E16E0B5615DE4DE200725A83 /* b2WheelJoint.cpp */; };
		E16E0B8815DE4DE200725A83 /* b2Rope.cpp in Sources */ = {isa = PBXBuildFile; fileRef = E16E0B5915DE4DE200725A83 /* b2Rope.cpp */; };
/* End PBXBuildFile section */

/* Begin PBXFileReference section */
		1D30AB110D05D00D00671497 /* Foundation.framework */ = {isa = PBXFileReference; lastKnownFileType = wrapper.framework; name = Foundation.framework; path = System/Library/Frameworks/Foundation.framework; sourceTree = SDKROOT; };
		1D3623240D0F684500981E51 /* Box2DiOSAppDelegate.h */ = {isa = PBXFileReference; fileEncoding = 4; lastKnownFileType = sourcecode.c.h; path = Box2DiOSAppDelegate.h; sourceTree = "<group>"; };
		1D3623250D0F684500981E51 /* Box2DiOSAppDelegate.m */ = {isa = PBXFileReference; fileEncoding = 4; lastKnownFileType = sourcecode.c.objc; path = Box2DiOSAppDelegate.m; sourceTree = "<group>"; };
		1D6058910D05DD3D006BFB54 /* Box2DiOS.app */ = {isa = PBXFileReference; explicitFileType = wrapper.application; includeInIndex = 0; path = Box2DiOS.app; sourceTree = BUILT_PRODUCTS_DIR; };
		1DF5F4DF0D08C38300B7A737 /* UIKit.framework */ = {isa = PBXFileReference; lastKnownFileType = wrapper.framework; name = UIKit.framework; path = System/Library/Frameworks/UIKit.framework; sourceTree = SDKROOT; };
		2514C27910084DCA00A42282 /* Shader.fsh */ = {isa = PBXFileReference; fileEncoding = 4; lastKnownFileType = sourcecode.glsl; name = Shader.fsh; path = Shaders/Shader.fsh; sourceTree = "<group>"; };
		2514C27A10084DCA00A42282 /* Shader.vsh */ = {isa = PBXFileReference; fileEncoding = 4; lastKnownFileType = sourcecode.glsl; name = Shader.vsh; path = Shaders/Shader.vsh; sourceTree = "<group>"; };
		28EC4C5611D54ECE0027AA9F /* Box2DiOSViewController.h */ = {isa = PBXFileReference; fileEncoding = 4; lastKnownFileType = sourcecode.c.h; path = Box2DiOSViewController.h; sourceTree = "<group>"; };
		28EC4C5711D54ECE0027AA9F /* Box2DiOSViewController.mm */ = {isa = PBXFileReference; fileEncoding = 4; lastKnownFileType = sourcecode.cpp.objcpp; path = Box2DiOSViewController.mm; sourceTree = "<group>"; };
		28FD14FC0DC6FC130079059D /* EAGLView.h */ = {isa = PBXFileReference; fileEncoding = 4; lastKnownFileType = sourcecode.c.h; path = EAGLView.h; sourceTree = "<group>"; };
		28FD14FD0DC6FC130079059D /* EAGLView.m */ = {isa = PBXFileReference; fileEncoding = 4; lastKnownFileType = sourcecode.c.objc; path = EAGLView.m; sourceTree = "<group>"; };
		28FD14FF0DC6FC520079059D /* OpenGLES.framework */ = {isa = PBXFileReference; lastKnownFileType = wrapper.framework; name = OpenGLES.framework; path = System/Library/Frameworks/OpenGLES.framework; sourceTree = SDKROOT; };
		28FD15070DC6FC5B0079059D /* QuartzCore.framework */ = {isa = PBXFileReference; lastKnownFileType = wrapper.framework; name = QuartzCore.framework; path = System/Library/Frameworks/QuartzCore.framework; sourceTree = SDKROOT; };
		29B97316FDCFA39411CA2CEA /* main.m */ = {isa = PBXFileReference; fileEncoding = 4; lastKnownFileType = sourcecode.c.objc; path = main.m; sourceTree = "<group>"; };
		83BFBCE713E42A99001C8101 /* Box2DiOSRender.h */ = {isa = PBXFileReference; fileEncoding = 4; lastKnownFileType = sourcecode.c.h; path = Box2DiOSRender.h; sourceTree = "<group>"; };
		83BFBCE813E42A99001C8101 /* Box2DiOSRender.cpp */ = {isa = PBXFileReference; fileEncoding = 4; lastKnownFileType = sourcecode.cpp.cpp; path = Box2DiOSRender.cpp; sourceTree = "<group>"; };
		8D1107310486CEB800E47090 /* Box2DiOS-Info.plist */ = {isa = PBXFileReference; fileEncoding = 4; lastKnownFileType = text.plist.xml; path = "Box2DiOS-Info.plist"; plistStructureDefinitionIdentifier = "com.apple.xcode.plist.structure-definition.iphone.info-plist"; sourceTree = "<group>"; };
		E16E0AF715DE4DE200725A83 /* Box2D.h */ = {isa = PBXFileReference; fileEncoding = 4; lastKnownFileType = sourcecode.c.h; path = Box2D.h; sourceTree = "<group>"; };
		E16E0AF915DE4DE200725A83 /* b2BroadPhase.cpp */ = {isa = PBXFileReference; fileEncoding = 4; lastKnownFileType = sourcecode.cpp.cpp; path = b2BroadPhase.cpp; sourceTree = "<group>"; };
		E16E0AFA15DE4DE200725A83 /* b2BroadPhase.h */ = {isa = PBXFileReference; fileEncoding = 4; lastKnownFileType = sourcecode.c.h; path = b2BroadPhase.h; sourceTree = "<group>"; };
		E16E0AFB15DE4DE200725A83 /* b2CollideCircle.cpp */ = {isa = PBXFileReference; fileEncoding = 4; lastKnownFileType = sourcecode.cpp.cpp; path = b2CollideCircle.cpp; sourceTree = "<group>"; };
		E16E0AFC15DE4DE200725A83 /* b2CollideEdge.cpp */ = {isa = PBXFileReference; fileEncoding = 4; lastKnownFileType = sourcecode.cpp.cpp; path = b2CollideEdge.cpp; sourceTree = "<group>"; };
		E16E0AFD15DE4DE200725A83 /* b2CollidePolygon.cpp */ = {isa = PBXFileReference; fileEncoding = 4; lastKnownFileType = sourcecode.cpp.cpp; path = b2CollidePolygon.cpp; sourceTree = "<group>"; };
		E16E0AFE15DE4DE200725A83 /* b2Collision.cpp */ = {isa = PBXFileReference; fileEncoding = 4; lastKnownFileType = sourcecode.cpp.cpp; path = b2Collision.cpp; sourceTree = "<group>"; };
		E16E0AFF15DE4DE200725A83 /* b2Collision.h */ = {isa = PBXFileReference; fileEncoding = 4; lastKnownFileType = sourcecode.c.h; path = b2Collision.h; sourceTree = "<group>"; };
		E16E0B0015DE4DE200725A83 /* b2Distance.cpp */ = {isa = PBXFileReference; fileEncoding = 4; lastKnownFileType = sourcecode.cpp.cpp; path = b2Distance.cpp; sourceTree = "<group>"; };
		E16E0B0115DE4DE200725A83 /* b2Distance.h */ = {isa = PBXFileReference; fileEncoding = 4; lastKnownFileType = sourcecode.c.h; path = b2Distance.h; sourceTree = "<group>"; };
		E16E0B0215DE4DE200725A83 /* b2DynamicTree.cpp */ = {isa = PBXFileReference; fileEncoding = 4; lastKnownFileType = sourcecode.cpp.cpp; path = b2DynamicTree.cpp; sourceTree = "<group>"; };
		E16E0B0315DE4DE200725A83 /* b2DynamicTree.h */ = {isa = PBXFileReference; fileEncoding = 4; lastKnownFileType = sourcecode.c.h; path = b2DynamicTree.h; sourceTree = "<group>"; };
		E16E0B0415DE4DE200725A83 /* b2TimeOfImpact.cpp */ = {isa = PBXFileReference; fileEncoding = 4; lastKnownFileType = sourcecode.cpp.cpp; path = b2TimeOfImpact.cpp; sourceTree = "<group>"; };
		E16E0B0515DE4DE200725A83 /* b2TimeOfImpact.h */ = {isa = PBXFileReference; fileEncoding = 4; lastKnownFileType = sourcecode.c.h; path = b2TimeOfImpact.h; sourceTree = "<group>"; };
		E16E0B0715DE4DE200725A83 /* b2ChainShape.cpp */ = {isa = PBXFileReference; fileEncoding = 4; lastKnownFileType = sourcecode.cpp.cpp; path = b2ChainShape.cpp; sourceTree = "<group>"; };
		E16E0B0815DE4DE200725A83 /* b2ChainShape.h */ = {isa = PBXFileReference; fileEncoding = 4; lastKnownFileType = sourcecode.c.h; path = b2ChainShape.h; sourceTree = "<group>"; };
		E16E0B0915DE4DE200725A83 /* b2CircleShape.cpp */ = {isa = PBXFileReference; fileEncoding = 4; lastKnownFileType = sourcecode.cpp.cpp; path = b2CircleShape.cpp; sourceTree = "<group>"; };
		E16E0B0A15DE4DE200725A83 /* b2CircleShape.h */ = {isa = PBXFileReference; fileEncoding = 4; lastKnownFileType = sourcecode.c.h; path = b2CircleShape.h; sourceTree = "<group>"; };
		E16E0B0B15DE4DE200725A83 /* b2EdgeShape.cpp */ = {isa = PBXFileReference; fileEncoding = 4; lastKnownFileType = sourcecode.cpp.cpp; path = b2EdgeShape.cpp; sourceTree = "<group>"; };
		E16E0B0C15DE4DE200725A83 /* b2EdgeShape.h */ = {isa = PBXFileReference; fileEncoding = 4; lastKnownFileType = sourcecode.c.h; path = b2EdgeShape.h; sourceTree = "<group>"; };
		E16E0B0D15DE4DE200725A83 /* b2PolygonShape.cpp */ = {isa = PBXFileReference; fileEncoding = 4; lastKnownFileType = sourcecode.cpp.cpp; path = b2PolygonShape.cpp; sourceTree = "<group>"; };
		E16E0B0E15DE4DE200725A83 /* b2PolygonShape.h */ = {isa = PBXFileReference; fileEncoding = 4; lastKnownFileType = sourcecode.c.h; path = b2PolygonShape.h; sourceTree = "<group>"; };
		E16E0B0F15DE4DE200725A83 /* b2Shape.h */ = {isa = PBXFileReference; fileEncoding = 4; lastKnownFileType = sourcecode.c.h; path = b2Shape.h; sourceTree = "<group>"; };
		E16E0B1115DE4DE200725A83 /* b2BlockAllocator.cpp */ = {isa = PBXFileReference; fileEncoding = 4; lastKnownFileType = sourcecode.cpp.cpp; path = b2BlockAllocator.cpp; sourceTree = "<group>"; };
		E16E0B1215DE4DE200725A83 /* b2BlockAllocator.h */ = {isa = PBXFileReference; fileEncoding = 4; lastKnownFileType = sourcecode.c.h; path = b2BlockAllocator.h; sourceTree = "<group>"; };
		E16E0B1315DE4DE200725A83 /* b2Draw.cpp */ = {isa = PBXFileReference; fileEncoding = 4; lastKnownFileType = sourcecode.cpp.cpp; path = b2Draw.cpp; sourceTree = "<group>"; };
		E16E0B1415DE4DE200725A83 /* b2Draw.h */ = {isa = PBXFileReference; fileEncoding = 4; lastKnownFileType = sourcecode.c.h; path = b2Draw.h; sourceTree = "<group>"; };
		E16E0B1515DE4DE200725A83 /* b2GrowableStack.h */ = {isa = PBXFileReference; fileEncoding = 4; lastKnownFileType = sourcecode.c.h; path = b2GrowableStack.h; sourceTree = "<group>"; };
		E16E0B1615DE4DE200725A83 /* b2Math.cpp */ = {isa = PBXFileReference; fileEncoding = 4; lastKnownFileType = sourcecode.cpp.cpp; path = b2Math.cpp; sourceTree = "<group>"; };
		E16E0B1715DE4DE200725A83 /* b2Math.h */ = {isa = PBXFileReference; fileEncoding = 4; lastKnownFileType = sourcecode.c.h; path = b2Math.h; sourceTree = "<group>"; };
		E16E0B1815DE4DE200725A83 /* b2Settings.cpp */ = {isa = PBXFileReference; fileEncoding = 4; lastKnownFileType = sourcecode.cpp.cpp; path = b2Settings.cpp; sourceTree = "<group>"; };
		E16E0B1915DE4DE200725A83 /* b2Settings.h */ = {isa = PBXFileReference; fileEncoding = 4; lastKnownFileType = sourcecode.c.h; path = b2Settings.h; sourceTree = "<group>"; };
		E16E0B1A15DE4DE200725A83 /* b2StackAllocator.cpp */ = {isa = PBXFileReference; fileEncoding = 4; lastKnownFileType = sourcecode.cpp.cpp; path = b2StackAllocator.cpp; sourceTree = "<group>"; };
		E16E0B1B15DE4DE200725A83 /* b2StackAllocator.h */ = {isa = PBXFileReference; fileEncoding = 4; lastKnownFileType = sourcecode.c.h; path = b2StackAllocator.h; sourceTree = "<group>"; };
		E16E0B1C15DE4DE200725A83 /* b2Timer.cpp */ = {isa = PBXFileReference; fileEncoding = 4; lastKnownFileType = sourcecode.cpp.cpp; path = b2Timer.cpp; sourceTree = "<group>"; };
		E16E0B1D15DE4DE200725A83 /* b2Timer.h */ = {isa = PBXFileReference; fileEncoding = 4; lastKnownFileType = sourcecode.c.h; path = b2Timer.h; sourceTree = "<group>"; };
		E16E0B1F15DE4DE200725A83 /* b2Body.cpp */ = {isa = PBXFileReference; fileEncoding = 4; lastKnownFileType = sourcecode.cpp.cpp; path = b2Body.cpp; sourceTree = "<group>"; };
		E16E0B2015DE4DE200725A83 /* b2Body.h */ = {isa = PBXFileReference; fileEncoding = 4; lastKnownFileType = sourcecode.c.h; path = b2Body.h; sourceTree = "<group>"; };
		E16E0B2115DE4DE200725A83 /* b2ContactManager.cpp */ = {isa = PBXFileReference; fileEncoding = 4; lastKnownFileType = sourcecode.cpp.cpp; path = b2ContactManager.cpp; sourceTree = "<group>"; };
		E16E0B2215DE4DE200725A83 /* b2ContactManager.h */ = {isa = PBXFileReference; fileEncoding = 4; lastKnownFileType = sourcecode.c.h; path = b2ContactManager.h; sourceTree = "<group>"; };
		E16E0B2315DE4DE200725A83 /* b2Fixture.cpp */ = {isa = PBXFileReference; fileEncoding = 4; lastKnownFileType = sourcecode.cpp.cpp; path = b2Fixture.cpp; sourceTree = "<group>"; };
		E16E0B2415DE4DE200725A83 /* b2Fixture.h */ = {isa = PBXFileReference; fileEncoding = 4; lastKnownFileType = sourcecode.c.h; path = b2Fixture.h; sourceTree = "<group>"; };
		E16E0B2515DE4DE200725A83 /* b2Island.cpp */ = {isa = PBXFileReference; fileEncoding = 4; lastKnownFileType = sourcecode.cpp.cpp; path = b2Island.cpp; sourceTree = "<group>"; };
		E16E0B2615DE4DE200725A83 /* b2Island.h */ = {isa = PBXFileReference; fileEncoding = 4; lastKnownFileType = sourcecode.c.h; path = b2Island.h; sourceTree = "<group>"; };
		E16E0B2715DE4DE200725A83 /* b2TimeStep.h */ = {isa = PBXFileReference; fileEncoding = 4; lastKnownFileType = sourcecode.c.h; path = b2TimeStep.h; sourceTree = "<group>"; };
		E16E0B2815DE4DE200725A83 /* b2World.cpp */ = {isa = PBXFileReference; fileEncoding = 4; lastKnownFileType = sourcecode.cpp.cpp; path = b2World.cpp; sourceTree = "<group>"; };
		E16E0B2915DE4DE200725A83 /* b2World.h */ = {isa = PBXFileReference; fileEncoding = 4; lastKnownFileType = sourcecode.c.h; path = b2World.h; sourceTree = "<group>"; };
		E16E0B2A15DE4DE200725A83 /* b2WorldCallbacks.cpp */ = {isa = PBXFileReference; fileEncoding = 4; lastKnownFileType = sourcecode.cpp.cpp; path = b2WorldCallbacks.cpp; sourceTree = "<group>"; };
		E16E0B2B15DE4DE200725A83 /* b2WorldCallbacks.h */ = {isa = PBXFileReference; fileEncoding = 4; lastKnownFileType = sourcecode.c.h; path = b2WorldCallbacks.h; sourceTree = "<group>"; };
		E16E0B2D15DE4DE200725A83 /* b2ChainAndCircleContact.cpp */ = {isa = PBXFileReference; fileEncoding = 4; lastKnownFileType = sourcecode.cpp.cpp; path = b2ChainAndCircleContact.cpp; sourceTree = "<group>"; };
		E16E0B2E15DE4DE200725A83 /* b2ChainAndCircleContact.h */ = {isa = PBXFileReference; fileEncoding = 4; lastKnownFileType = sourcecode.c.h; path = b2ChainAndCircleContact.h; sourceTree = "<group>"; };
		E16E0B2F15DE4DE200725A83 /* b2ChainAndPolygonContact.cpp */ = {isa = PBXFileReference; fileEncoding = 4; lastKnownFileType = sourcecode.cpp.cpp; path = b2ChainAndPolygonContact.cpp; sourceTree = "<group>"; };
		E16E0B3015DE4DE200725A83 /* b2ChainAndPolygonContact.h */ = {isa = PBXFileReference; fileEncoding = 4; lastKnownFileType = sourcecode.c.h; path = b2ChainAndPolygonContact.h; sourceTree = "<group>"; };
		E16E0B3115DE4DE200725A83 /* b2CircleContact.cpp */ = {isa = PBXFileReference; fileEncoding = 4; lastKnownFileType = sourcecode.cpp.cpp; path = b2CircleContact.cpp; sourceTree = "<group>"; };
		E16E0B3215DE4DE200725A83 /* b2CircleContact.h */ = {isa = PBXFileReference; fileEncoding = 4; lastKnownFileType = sourcecode.c.h; path = b2CircleContact.h; sourceTree = "<group>"; };
		E16E0B3315DE4DE200725A83 /* b2Contact.cpp */ = {isa = PBXFileReference; fileEncoding = 4; lastKnownFileType = sourcecode.cpp.cpp; path = b2Contact.cpp; sourceTree = "<group>"; };
		E16E0B3415DE4DE200725A83 /* b2Contact.h */ = {isa = PBXFileReference; fileEncoding = 4; lastKnownFileType = sourcecode.c.h; path = b2Contact.h; sourceTree = "<group>"; };
		E16E0B3515DE4DE200725A83 /* b2ContactSolver.cpp */ = {isa = PBXFileReference; fileEncoding = 4; lastKnownFileType = sourcecode.cpp.cpp; path = b2ContactSolver.cpp; sourceTree = "<group>"; };
		E16E0B3615DE4DE200725A83 /* b2ContactSolver.h */ = {isa = PBXFileReference; fileEncoding = 4; lastKnownFileType = sourcecode.c.h; path = b2ContactSolver.h; sourceTree = "<group>"; };
		E16E0B3715DE4DE200725A83 /* b2EdgeAndCircleContact.cpp */ = {isa = PBXFileReference; fileEncoding = 4; lastKnownFileType = sourcecode.cpp.cpp; path = b2EdgeAndCircleContact.cpp; sourceTree = "<group>"; };
		E16E0B3815DE4DE200725A83 /* b2EdgeAndCircleContact.h */ = {isa = PBXFileReference; fileEncoding = 4; lastKnownFileType = sourcecode.c.h; path = b2EdgeAndCircleContact.h; sourceTree = "<group>"; };
		E16E0B3915DE4DE200725A83 /* b2EdgeAndPolygonContact.cpp */ = {isa = PBXFileReference; fileEncoding = 4; lastKnownFileType = sourcecode.cpp.cpp; path = b2EdgeAndPolygonContact.cpp; sourceTree = "<group>"; };
		E16E0B3A15DE4DE200725A83 /* b2EdgeAndPolygonContact.h */ = {isa = PBXFileReference; fileEncoding = 4; lastKnownFileType = sourcecode.c.h; path = b2EdgeAndPolygonContact.h; sourceTree = "<group>"; };
		E16E0B3B15DE4DE200725A83 /* b2PolygonAndCircleContact.cpp */ = {isa = PBXFileReference; fileEncoding = 4; lastKnownFileType = sourcecode.cpp.cpp; path = b2PolygonAndCircleContact.cpp; sourceTree = "<group>"; };
		E16E0B3C15DE4DE200725A83 /* b2PolygonAndCircleContact.h */ = {isa = PBXFileReference; fileEncoding = 4; lastKnownFileType = sourcecode.c.h; path = b2PolygonAndCircleContact.h; sourceTree = "<group>"; };
		E16E0B3D15DE4DE200725A83 /* b2PolygonContact.cpp */ = {isa = PBXFileReference; fileEncoding = 4; lastKnownFileType = sourcecode.cpp.cpp; path = b2PolygonContact.cpp; sourceTree = "<group>"; };
		E16E0B3E15DE4DE200725A83 /* b2PolygonContact.h */ = {isa = PBXFileReference; fileEncoding = 4; lastKnownFileType = sourcecode.c.h; path = b2PolygonContact.h; sourceTree = "<group>"; };
		E16E0B4015DE4DE200725A83 /* b2DistanceJoint.cpp */ = {isa = PBXFileReference; fileEncoding = 4; lastKnownFileType = sourcecode.cpp.cpp; path = b2DistanceJoint.cpp; sourceTree = "<group>"; };
		E16E0B4115DE4DE200725A83 /* b2DistanceJoint.h */ = {isa = PBXFileReference; fileEncoding = 4; lastKnownFileType = sourcecode.c.h; path = b2DistanceJoint.h; sourceTree = "<group>"; };
		E16E0B4215DE4DE200725A83 /* b2FrictionJoint.cpp */ = {isa = PBXFileReference; fileEncoding = 4; lastKnownFileType = sourcecode.cpp.cpp; path = b2FrictionJoint.cpp; sourceTree = "<group>"; };
		E16E0B4315DE4DE200725A83 /* b2FrictionJoint.h */ = {isa = PBXFileReference; fileEncoding = 4; lastKnownFileType = sourcecode.c.h; path = b2FrictionJoint.h; sourceTree = "<group>"; };
		E16E0B4415DE4DE200725A83 /* b2GearJoint.cpp */ = {isa = PBXFileReference; fileEncoding = 4; lastKnownFileType = sourcecode.cpp.cpp; path = b2GearJoint.cpp; sourceTree = "<group>"; };
		E16E0B4515DE4DE200725A83 /* b2GearJoint.h */ = {isa = PBXFileReference; fileEncoding = 4; lastKnownFileType = sourcecode.c.h; path = b2GearJoint.h; sourceTree = "<group>"; };
		E16E0B4615DE4DE200725A83 /* b2Joint.cpp */ = {isa = PBXFileReference; fileEncoding = 4; lastKnownFileType = sourcecode.cpp.cpp; path = b2Joint.cpp; sourceTree = "<group>"; };
		E16E0B4715DE4DE200725A83 /* b2Joint.h */ = {isa = PBXFileReference; fileEncoding = 4; lastKnownFileType = sourcecode.c.h; path = b2Joint.h; sourceTree = "<group>"; };
		E16E0B4815DE4DE200725A83 /* b2MotorJoint.cpp */ = {isa = PBXFileReference; fileEncoding = 4; lastKnownFileType = sourcecode.cpp.cpp; path = b2MotorJoint.cpp; sourceTree = "<group>"; };
		E16E0B4915DE4DE200725A83 /* b2MotorJoint.h */ = {isa = PBXFileReference; fileEncoding = 4; lastKnownFileType = sourcecode.c.h; path = b2MotorJoint.h; sourceTree = "<group>"; };
		E16E0B4A15DE4DE200725A83 /* b2MouseJoint.cpp */ = {isa = PBXFileReference; fileEncoding = 4; lastKnownFileType = sourcecode.cpp.cpp; path = b2MouseJoint.cpp; sourceTree = "<group>"; };
		E16E0B4B15DE4DE200725A83 /* b2MouseJoint.h */ = {isa = PBXFileReference; fileEncoding = 4; lastKnownFileType = sourcecode.c.h; path = b2MouseJoint.h; sourceTree = "<group>"; };
		E16E0B4C15DE4DE200725A83 /* b2PrismaticJoint.cpp */ = {isa = PBXFileReference; fileEncoding = 4; lastKnownFileType = sourcecode.cpp.cpp; path = b2PrismaticJoint.cpp; sourceTree = "<group>"; };
		E16E0B4D15DE4DE200725A83 /* b2PrismaticJoint.h */ = {isa = PBXFileReference; fileEncoding = 4; lastKnownFileType = sourcecode.c.h; path = b2PrismaticJoint.h; sourceTree = "<group>"; };
		E16E0B4E15DE4DE200725A83 /* b2PulleyJoint.cpp */ = {isa = PBXFileReference; fileEncoding = 4; lastKnownFileType = sourcecode.cpp.cpp; path = b2PulleyJoint.cpp; sourceTree = "<group>"; };
		E16E0B4F15DE4DE200725A83 /* b2PulleyJoint.h */ = {isa = PBXFileReference; fileEncoding = 4; lastKnownFileType = sourcecode.c.h; path = b2PulleyJoint.h; sourceTree = "<group>"; };
		E16E0B5015DE4DE200725A83 /* b2RevoluteJoint.cpp */ = {isa = PBXFileReference; fileEncoding = 4; lastKnownFileType = sourcecode.cpp.cpp; path = b2RevoluteJoint.cpp; sourceTree = "<group>"; };
		E16E0B5115DE4DE200725A83 /* b2RevoluteJoint.h */ = {isa = PBXFileReference; fileEncoding = 4; lastKnownFileType = sourcecode.c.h; path = b2RevoluteJoint.h; sourceTree = "<group>"; };
		E16E0B5215DE4DE200725A83 /* b2RopeJoint.cpp */ = {isa = PBXFileReference; fileEncoding = 4; lastKnownFileType = sourcecode.cpp.cpp; path = b2RopeJoint.cpp; sourceTree = "<group>"; };
		E16E0B5315DE4DE200725A83 /* b2RopeJoint.h */ = {isa = PBXFileReference; fileEncoding = 4; lastKnownFileType = sourcecode.c.h; path = b2RopeJoint.h; sourceTree = "<group>"; };
		E16E0B5415DE4DE200725A83 /* b2WeldJoint.cpp */ = {isa = PBXFileReference; fileEncoding = 4; lastKnownFileType = sourcecode.cpp.cpp; path = b2WeldJoint.cpp; sourceTree = "<group>"; };
		E16E0B5515DE4DE200725A83 /* b2WeldJoint.h */ = {isa = PBXFileReference; fileEncoding = 4; lastKnownFileType = sourcecode.c.h; path = b2WeldJoint.h; sourceTree = "<group>"; };
		E16E0B5615DE4DE200725A83 /* b2WheelJoint.cpp */ = {isa = PBXFileReference; fileEncoding = 4; lastKnownFileType = sourcecode.cpp.cpp; path = b2WheelJoint.cpp; sourceTree = "<group>"; };
		E16E0B5715DE4DE200725A83 /* b2WheelJoint.h */ = {isa = PBXFileReference; fileEncoding = 4; lastKnownFileType = sourcecode.c.h; path = b2WheelJoint.h; sourceTree = "<group>"; };
		E16E0B5915DE4DE200725A83 /* b2Rope.cpp */ = {isa = PBXFileReference; fileEncoding = 4; lastKnownFileType = sourcecode.cpp.cpp; path = b2Rope.cpp; sourceTree = "<group>"; };
		E16E0B5A15DE4DE200725A83 /* b2Rope.h */ = {isa = PBXFileReference; fileEncoding = 4; lastKnownFileType = sourcecode.c.h; path = b2Rope.h; sourceTree = "<group>"; };
		E1822B3B15DE39BF0025AE7A /* Box2DiOS_Prefix.pch */ = {isa = PBXFileReference; fileEncoding = 4; lastKnownFileType = sourcecode.c.h; path = Box2DiOS_Prefix.pch; sourceTree = "<group>"; };
/* End PBXFileReference section */

/* Begin PBXFrameworksBuildPhase section */
		1D60588F0D05DD3D006BFB54 /* Frameworks */ = {
			isa = PBXFrameworksBuildPhase;
			buildActionMask = 2147483647;
			files = (
				1D60589F0D05DD5A006BFB54 /* Foundation.framework in Frameworks */,
				1DF5F4E00D08C38300B7A737 /* UIKit.framework in Frameworks */,
				28FD15000DC6FC520079059D /* OpenGLES.framework in Frameworks */,
				28FD15080DC6FC5B0079059D /* QuartzCore.framework in Frameworks */,
			);
			runOnlyForDeploymentPostprocessing = 0;
		};
/* End PBXFrameworksBuildPhase section */

/* Begin PBXGroup section */
		080E96DDFE201D6D7F000001 /* Classes */ = {
			isa = PBXGroup;
			children = (
				28FD14FC0DC6FC130079059D /* EAGLView.h */,
				28FD14FD0DC6FC130079059D /* EAGLView.m */,
				1D3623240D0F684500981E51 /* Box2DiOSAppDelegate.h */,
				1D3623250D0F684500981E51 /* Box2DiOSAppDelegate.m */,
				28EC4C5611D54ECE0027AA9F /* Box2DiOSViewController.h */,
				28EC4C5711D54ECE0027AA9F /* Box2DiOSViewController.mm */,
				83BFBCE713E42A99001C8101 /* Box2DiOSRender.h */,
				83BFBCE813E42A99001C8101 /* Box2DiOSRender.cpp */,
			);
			path = Classes;
			sourceTree = "<group>";
		};
		19C28FACFE9D520D11CA2CBB /* Products */ = {
			isa = PBXGroup;
			children = (
				1D6058910D05DD3D006BFB54 /* Box2DiOS.app */,
			);
			name = Products;
			sourceTree = "<group>";
		};
		2514C27610084DB600A42282 /* Shaders */ = {
			isa = PBXGroup;
			children = (
				2514C27910084DCA00A42282 /* Shader.fsh */,
				2514C27A10084DCA00A42282 /* Shader.vsh */,
			);
			name = Shaders;
			sourceTree = "<group>";
		};
		29B97314FDCFA39411CA2CEA /* CustomTemplate */ = {
			isa = PBXGroup;
			children = (
				E16E0AF515DE4DE200725A83 /* Box2D */,
				080E96DDFE201D6D7F000001 /* Classes */,
				2514C27610084DB600A42282 /* Shaders */,
				29B97315FDCFA39411CA2CEA /* Other Sources */,
				29B97317FDCFA39411CA2CEA /* Resources */,
				29B97323FDCFA39411CA2CEA /* Frameworks */,
				19C28FACFE9D520D11CA2CBB /* Products */,
			);
			name = CustomTemplate;
			sourceTree = "<group>";
		};
		29B97315FDCFA39411CA2CEA /* Other Sources */ = {
			isa = PBXGroup;
			children = (
				E1822B3B15DE39BF0025AE7A /* Box2DiOS_Prefix.pch */,
				29B97316FDCFA39411CA2CEA /* main.m */,
			);
			name = "Other Sources";
			sourceTree = "<group>";
		};
		29B97317FDCFA39411CA2CEA /* Resources */ = {
			isa = PBXGroup;
			children = (
				8D1107310486CEB800E47090 /* Box2DiOS-Info.plist */,
			);
			name = Resources;
			sourceTree = "<group>";
		};
		29B97323FDCFA39411CA2CEA /* Frameworks */ = {
			isa = PBXGroup;
			children = (
				28FD15070DC6FC5B0079059D /* QuartzCore.framework */,
				28FD14FF0DC6FC520079059D /* OpenGLES.framework */,
				1DF5F4DF0D08C38300B7A737 /* UIKit.framework */,
				1D30AB110D05D00D00671497 /* Foundation.framework */,
			);
			name = Frameworks;
			sourceTree = "<group>";
		};
		E16E0AF515DE4DE200725A83 /* Box2D */ = {
			isa = PBXGroup;
			children = (
				E16E0AF615DE4DE200725A83 /* Box2D */,
			);
			path = Box2D;
			sourceTree = "<group>";
		};
		E16E0AF615DE4DE200725A83 /* Box2D */ = {
			isa = PBXGroup;
			children = (
				E16E0AF715DE4DE200725A83 /* Box2D.h */,
				E16E0AF815DE4DE200725A83 /* Collision */,
				E16E0B1015DE4DE200725A83 /* Common */,
				E16E0B1E15DE4DE200725A83 /* Dynamics */,
				E16E0B5815DE4DE200725A83 /* Rope */,
			);
			path = Box2D;
			sourceTree = "<group>";
		};
		E16E0AF815DE4DE200725A83 /* Collision */ = {
			isa = PBXGroup;
			children = (
				E16E0AF915DE4DE200725A83 /* b2BroadPhase.cpp */,
				E16E0AFA15DE4DE200725A83 /* b2BroadPhase.h */,
				E16E0AFB15DE4DE200725A83 /* b2CollideCircle.cpp */,
				E16E0AFC15DE4DE200725A83 /* b2CollideEdge.cpp */,
				E16E0AFD15DE4DE200725A83 /* b2CollidePolygon.cpp */,
				E16E0AFE15DE4DE200725A83 /* b2Collision.cpp */,
				E16E0AFF15DE4DE200725A83 /* b2Collision.h */,
				E16E0B0015DE4DE200725A83 /* b2Distance.cpp */,
				E16E0B0115DE4DE200725A83 /* b2Distance.h */,
				E16E0B0215DE4DE200725A83 /* b2DynamicTree.cpp */,
				E16E0B0315DE4DE200725A83 /* b2DynamicTree.h */,
				E16E0B0415DE4DE200725A83 /* b2TimeOfImpact.cpp */,
				E16E0B0515DE4DE200725A83 /* b2TimeOfImpact.h */,
				E16E0B0615DE4DE200725A83 /* Shapes */,
			);
			path = Collision;
			sourceTree = "<group>";
		};
		E16E0B0615DE4DE200725A83 /* Shapes */ = {
			isa = PBXGroup;
			children = (
				E16E0B0715DE4DE200725A83 /* b2ChainShape.cpp */,
				E16E0B0815DE4DE200725A83 /* b2ChainShape.h */,
				E16E0B0915DE4DE200725A83 /* b2CircleShape.cpp */,
				E16E0B0A15DE4DE200725A83 /* b2CircleShape.h */,
				E16E0B0B15DE4DE200725A83 /* b2EdgeShape.cpp */,
				E16E0B0C15DE4DE200725A83 /* b2EdgeShape.h */,
				E16E0B0D15DE4DE200725A83 /* b2PolygonShape.cpp */,
				E16E0B0E15DE4DE200725A83 /* b2PolygonShape.h */,
				E16E0B0F15DE4DE200725A83 /* b2Shape.h */,
			);
			path = Shapes;
			sourceTree = "<group>";
		};
		E16E0B1015DE4DE200725A83 /* Common */ = {
			isa = PBXGroup;
			children = (
				E16E0B1115DE4DE200725A83 /* b2BlockAllocator.cpp */,
				E16E0B1215DE4DE200725A83 /* b2BlockAllocator.h */,
				E16E0B1315DE4DE200725A83 /* b2Draw.cpp */,
				E16E0B1415DE4DE200725A83 /* b2Draw.h */,
				E16E0B1515DE4DE200725A83 /* b2GrowableStack.h */,
				E16E0B1615DE4DE200725A83 /* b2Math.cpp */,
				E16E0B1715DE4DE200725A83 /* b2Math.h */,
				E16E0B1815DE4DE200725A83 /* b2Settings.cpp */,
				E16E0B1915DE4DE200725A83 /* b2Settings.h */,
				E16E0B1A15DE4DE200725A83 /* b2StackAllocator.cpp */,
				E16E0B1B15DE4DE200725A83 /* b2StackAllocator.h */,
				E16E0B1C15DE4DE200725A83 /* b2Timer.cpp */,
				E16E0B1D15DE4DE200725A83 /* b2Timer.h */,
			);
			path = Common;
			sourceTree = "<group>";
		};
		E16E0B1E15DE4DE200725A83 /* Dynamics */ = {
			isa = PBXGroup;
			children = (
				E16E0B1F15DE4DE200725A83 /* b2Body.cpp */,
				E16E0B2015DE4DE200725A83 /* b2Body.h */,
				E16E0B2115DE4DE200725A83 /* b2ContactManager.cpp */,
				E16E0B2215DE4DE200725A83 /* b2ContactManager.h */,
				E16E0B2315DE4DE200725A83 /* b2Fixture.cpp */,
				E16E0B2415DE4DE200725A83 /* b2Fixture.h */,
				E16E0B2515DE4DE200725A83 /* b2Island.cpp */,
				E16E0B2615DE4DE200725A83 /* b2Island.h */,
				E16E0B2715DE4DE200725A83 /* b2TimeStep.h */,
				E16E0B2815DE4DE200725A83 /* b2World.cpp */,
				E16E0B2915DE4DE200725A83 /* b2World.h */,
				E16E0B2A15DE4DE200725A83 /* b2WorldCallbacks.cpp */,
				E16E0B2B15DE4DE200725A83 /* b2WorldCallbacks.h */,
				E16E0B2C15DE4DE200725A83 /* Contacts */,
				E16E0B3F15DE4DE200725A83 /* Joints */,
			);
			path = Dynamics;
			sourceTree = "<group>";
		};
		E16E0B2C15DE4DE200725A83 /* Contacts */ = {
			isa = PBXGroup;
			children = (
				E16E0B2D15DE4DE200725A83 /* b2ChainAndCircleContact.cpp */,
				E16E0B2E15DE4DE200725A83 /* b2ChainAndCircleContact.h */,
				E16E0B2F15DE4DE200725A83 /* b2ChainAndPolygonContact.cpp */,
				E16E0B3015DE4DE200725A83 /* b2ChainAndPolygonContact.h */,
				E16E0B3115DE4DE200725A83 /* b2CircleContact.cpp */,
				E16E0B3215DE4DE200725A83 /* b2CircleContact.h */,
				E16E0B3315DE4DE200725A83 /* b2Contact.cpp */,
				E16E0B3415DE4DE200725A83 /* b2Contact.h */,
				E16E0B3515DE4DE200725A83 /* b2ContactSolver.cpp */,
				E16E0B3615DE4DE200725A83 /* b2ContactSolver.h */,
				E16E0B3715DE4DE200725A83 /* b2EdgeAndCircleContact.cpp */,
				E16E0B3815DE4DE200725A83 /* b2EdgeAndCircleContact.h */,
				E16E0B3915DE4DE200725A83 /* b2EdgeAndPolygonContact.cpp */,
				E16E0B3A15DE4DE200725A83 /* b2EdgeAndPolygonContact.h */,
				E16E0B3B15DE4DE200725A83 /* b2PolygonAndCircleContact.cpp */,
				E16E0B3C15DE4DE200725A83 /* b2PolygonAndCircleContact.h */,
				E16E0B3D15DE4DE200725A83 /* b2PolygonContact.cpp */,
				E16E0B3E15DE4DE200725A83 /* b2PolygonContact.h */,
			);
			path = Contacts;
			sourceTree = "<group>";
		};
		E16E0B3F15DE4DE200725A83 /* Joints */ = {
			isa = PBXGroup;
			children = (
				E16E0B4015DE4DE200725A83 /* b2DistanceJoint.cpp */,
				E16E0B4115DE4DE200725A83 /* b2DistanceJoint.h */,
				E16E0B4215DE4DE200725A83 /* b2FrictionJoint.cpp */,
				E16E0B4315DE4DE200725A83 /* b2FrictionJoint.h */,
				E16E0B4415DE4DE200725A83 /* b2GearJoint.cpp */,
				E16E0B4515DE4DE200725A83 /* b2GearJoint.h */,
				E16E0B4615DE4DE200725A83 /* b2Joint.cpp */,
				E16E0B4715DE4DE200725A83 /* b2Joint.h */,
				E16E0B4815DE4DE200725A83 /* b2MotorJoint.cpp */,
				E16E0B4915DE4DE200725A83 /* b2MotorJoint.h */,
				E16E0B4A15DE4DE200725A83 /* b2MouseJoint.cpp */,
				E16E0B4B15DE4DE200725A83 /* b2MouseJoint.h */,
				E16E0B4C15DE4DE200725A83 /* b2PrismaticJoint.cpp */,
				E16E0B4D15DE4DE200725A83 /* b2PrismaticJoint.h */,
				E16E0B4E15DE4DE200725A83 /* b2PulleyJoint.cpp */,
				E16E0B4F15DE4DE200725A83 /* b2PulleyJoint.h */,
				E16E0B5015DE4DE200725A83 /* b2RevoluteJoint.cpp */,
				E16E0B5115DE4DE200725A83 /* b2RevoluteJoint.h */,
				E16E0B5215DE4DE200725A83 /* b2RopeJoint.cpp */,
				E16E0B5315DE4DE200725A83 /* b2RopeJoint.h */,
				E16E0B5415DE4DE200725A83 /* b2WeldJoint.cpp */,
				E16E0B5515DE4DE200725A83 /* b2WeldJoint.h */,
				E16E0B5615DE4DE200725A83 /* b2WheelJoint.cpp */,
				E16E0B5715DE4DE200725A83 /* b2WheelJoint.h */,
			);
			path = Joints;
			sourceTree = "<group>";
		};
		E16E0B5815DE4DE200725A83 /* Rope */ = {
			isa = PBXGroup;
			children = (
				E16E0B5915DE4DE200725A83 /* b2Rope.cpp */,
				E16E0B5A15DE4DE200725A83 /* b2Rope.h */,
			);
			path = Rope;
			sourceTree = "<group>";
		};
/* End PBXGroup section */

/* Begin PBXNativeTarget section */
		1D6058900D05DD3D006BFB54 /* Box2DiOS */ = {
			isa = PBXNativeTarget;
			buildConfigurationList = 1D6058960D05DD3E006BFB54 /* Build configuration list for PBXNativeTarget "Box2DiOS" */;
			buildPhases = (
				1D60588D0D05DD3D006BFB54 /* Resources */,
				1D60588E0D05DD3D006BFB54 /* Sources */,
				1D60588F0D05DD3D006BFB54 /* Frameworks */,
			);
			buildRules = (
			);
			dependencies = (
			);
			name = Box2DiOS;
			productName = iphoneOpenGLBox2D;
			productReference = 1D6058910D05DD3D006BFB54 /* Box2DiOS.app */;
			productType = "com.apple.product-type.application";
		};
/* End PBXNativeTarget section */

/* Begin PBXProject section */
		29B97313FDCFA39411CA2CEA /* Project object */ = {
			isa = PBXProject;
			attributes = {
				LastUpgradeCheck = 0450;
			};
			buildConfigurationList = C01FCF4E08A954540054247B /* Build configuration list for PBXProject "Box2DiOS" */;
			compatibilityVersion = "Xcode 3.2";
			developmentRegion = English;
			hasScannedForEncodings = 1;
			knownRegions = (
				English,
				Japanese,
				French,
				German,
			);
			mainGroup = 29B97314FDCFA39411CA2CEA /* CustomTemplate */;
			projectDirPath = "";
			projectRoot = "";
			targets = (
				1D6058900D05DD3D006BFB54 /* Box2DiOS */,
			);
		};
/* End PBXProject section */

/* Begin PBXResourcesBuildPhase section */
		1D60588D0D05DD3D006BFB54 /* Resources */ = {
			isa = PBXResourcesBuildPhase;
			buildActionMask = 2147483647;
			files = (
				2514C27B10084DCA00A42282 /* Shader.fsh in Resources */,
				2514C27C10084DCA00A42282 /* Shader.vsh in Resources */,
			);
			runOnlyForDeploymentPostprocessing = 0;
		};
/* End PBXResourcesBuildPhase section */

/* Begin PBXSourcesBuildPhase section */
		1D60588E0D05DD3D006BFB54 /* Sources */ = {
			isa = PBXSourcesBuildPhase;
			buildActionMask = 2147483647;
			files = (
				1D60589B0D05DD56006BFB54 /* main.m in Sources */,
				1D3623260D0F684500981E51 /* Box2DiOSAppDelegate.m in Sources */,
				28FD14FE0DC6FC130079059D /* EAGLView.m in Sources */,
				28EC4C5911D54ECE0027AA9F /* Box2DiOSViewController.mm in Sources */,
				83BFBCE913E42A99001C8101 /* Box2DiOSRender.cpp in Sources */,
				E16E0B5B15DE4DE200725A83 /* b2BroadPhase.cpp in Sources */,
				E16E0B5C15DE4DE200725A83 /* b2CollideCircle.cpp in Sources */,
				E16E0B5D15DE4DE200725A83 /* b2CollideEdge.cpp in Sources */,
				E16E0B5E15DE4DE200725A83 /* b2CollidePolygon.cpp in Sources */,
				E16E0B5F15DE4DE200725A83 /* b2Collision.cpp in Sources */,
				E16E0B6015DE4DE200725A83 /* b2Distance.cpp in Sources */,
				E16E0B6115DE4DE200725A83 /* b2DynamicTree.cpp in Sources */,
				E16E0B6215DE4DE200725A83 /* b2TimeOfImpact.cpp in Sources */,
				E16E0B6315DE4DE200725A83 /* b2ChainShape.cpp in Sources */,
				E16E0B6415DE4DE200725A83 /* b2CircleShape.cpp in Sources */,
				E16E0B6515DE4DE200725A83 /* b2EdgeShape.cpp in Sources */,
				E16E0B6615DE4DE200725A83 /* b2PolygonShape.cpp in Sources */,
				E16E0B6715DE4DE200725A83 /* b2BlockAllocator.cpp in Sources */,
				E16E0B6815DE4DE200725A83 /* b2Draw.cpp in Sources */,
				E16E0B6915DE4DE200725A83 /* b2Math.cpp in Sources */,
				E16E0B6A15DE4DE200725A83 /* b2Settings.cpp in Sources */,
				E16E0B6B15DE4DE200725A83 /* b2StackAllocator.cpp in Sources */,
				E16E0B6C15DE4DE200725A83 /* b2Timer.cpp in Sources */,
				E16E0B6D15DE4DE200725A83 /* b2Body.cpp in Sources */,
				E16E0B6E15DE4DE200725A83 /* b2ContactManager.cpp in Sources */,
				E16E0B6F15DE4DE200725A83 /* b2Fixture.cpp in Sources */,
				E16E0B7015DE4DE200725A83 /* b2Island.cpp in Sources */,
				E16E0B7115DE4DE200725A83 /* b2World.cpp in Sources */,
				E16E0B7215DE4DE200725A83 /* b2WorldCallbacks.cpp in Sources */,
				E16E0B7315DE4DE200725A83 /* b2ChainAndCircleContact.cpp in Sources */,
				E16E0B7415DE4DE200725A83 /* b2ChainAndPolygonContact.cpp in Sources */,
				E16E0B7515DE4DE200725A83 /* b2CircleContact.cpp in Sources */,
				E16E0B7615DE4DE200725A83 /* b2Contact.cpp in Sources */,
				E16E0B7715DE4DE200725A83 /* b2ContactSolver.cpp in Sources */,
				E16E0B7815DE4DE200725A83 /* b2EdgeAndCircleContact.cpp in Sources */,
				E16E0B7915DE4DE200725A83 /* b2EdgeAndPolygonContact.cpp in Sources */,
				E16E0B7A15DE4DE200725A83 /* b2PolygonAndCircleContact.cpp in Sources */,
				E16E0B7B15DE4DE200725A83 /* b2PolygonContact.cpp in Sources */,
				E16E0B7C15DE4DE200725A83 /* b2DistanceJoint.cpp in Sources */,
				E16E0B7D15DE4DE200725A83 /* b2FrictionJoint.cpp in Sources */,
				E16E0B7E15DE4DE200725A83 /* b2GearJoint.cpp in Sources */,
				E16E0B7F15DE4DE200725A83 /* b2Joint.cpp in Sources */,
				E16E0B8015DE4DE200725A83 /* b2MotorJoint.cpp in Sources */,
				E16E0B8115DE4DE200725A83 /* b2MouseJoint.cpp in Sources */,
				E16E0B8215DE4DE200725A83 /* b2PrismaticJoint.cpp in Sources */,
				E16E0B8315DE4DE200725A83 /* b2PulleyJoint.cpp in Sources */,
				E16E0B8415DE4DE200725A83 /* b2RevoluteJoint.cpp in Sources */,
				E16E0B8515DE4DE200725A83 /* b2RopeJoint.cpp in Sources */,
				E16E0B8615DE4DE200725A83 /* b2WeldJoint.cpp in Sources */,
				E16E0B8715DE4DE200725A83 /* b2WheelJoint.cpp in Sources */,
				E16E0B8815DE4DE200725A83 /* b2Rope.cpp in Sources */,
			);
			runOnlyForDeploymentPostprocessing = 0;
		};
/* End PBXSourcesBuildPhase section */

/* Begin XCBuildConfiguration section */
		1D6058940D05DD3E006BFB54 /* Debug */ = {
			isa = XCBuildConfiguration;
			buildSettings = {
				ALWAYS_SEARCH_USER_PATHS = NO;
				COPY_PHASE_STRIP = NO;
				GCC_DYNAMIC_NO_PIC = NO;
				GCC_OPTIMIZATION_LEVEL = 0;
				GCC_PRECOMPILE_PREFIX_HEADER = YES;
				GCC_PREFIX_HEADER = Box2DiOS_Prefix.pch;
				"GCC_THUMB_SUPPORT[arch=armv6]" = "";
				HEADER_SEARCH_PATHS = Box2D;
				INFOPLIST_FILE = "Box2DiOS-Info.plist";
				IPHONEOS_DEPLOYMENT_TARGET = 5.0;
				PRODUCT_NAME = Box2DiOS;
			};
			name = Debug;
		};
		1D6058950D05DD3E006BFB54 /* Release */ = {
			isa = XCBuildConfiguration;
			buildSettings = {
				ALWAYS_SEARCH_USER_PATHS = NO;
				COPY_PHASE_STRIP = YES;
				GCC_PRECOMPILE_PREFIX_HEADER = YES;
				GCC_PREFIX_HEADER = Box2DiOS_Prefix.pch;
				"GCC_THUMB_SUPPORT[arch=armv6]" = "";
				HEADER_SEARCH_PATHS = Box2D;
				INFOPLIST_FILE = "Box2DiOS-Info.plist";
				IPHONEOS_DEPLOYMENT_TARGET = 5.0;
				PRODUCT_NAME = Box2DiOS;
				VALIDATE_PRODUCT = YES;
			};
			name = Release;
		};
		C01FCF4F08A954540054247B /* Debug */ = {
			isa = XCBuildConfiguration;
			buildSettings = {
				ARCHS = "$(ARCHS_STANDARD_32_BIT)";
				"CODE_SIGN_IDENTITY[sdk=iphoneos*]" = "Don't Code Sign";
				GCC_C_LANGUAGE_STANDARD = c99;
				GCC_PREPROCESSOR_DEFINITIONS = DEBUG;
				GCC_WARN_ABOUT_RETURN_TYPE = YES;
				GCC_WARN_UNUSED_VARIABLE = YES;
				HEADER_SEARCH_PATHS = Box2D_v2.1.2/Box2D;
				"PROVISIONING_PROFILE[sdk=iphoneos*]" = "";
				SDKROOT = iphoneos;
			};
			name = Debug;
		};
		C01FCF5008A954540054247B /* Release */ = {
			isa = XCBuildConfiguration;
			buildSettings = {
				ARCHS = "$(ARCHS_STANDARD_32_BIT)";
				"CODE_SIGN_IDENTITY[sdk=iphoneos*]" = "Don't Code Sign";
				GCC_C_LANGUAGE_STANDARD = c99;
				GCC_WARN_ABOUT_RETURN_TYPE = YES;
				GCC_WARN_UNUSED_VARIABLE = YES;
				HEADER_SEARCH_PATHS = Box2D_v2.1.2/Box2D;
				OTHER_CFLAGS = "-DNS_BLOCK_ASSERTIONS=1";
				"PROVISIONING_PROFILE[sdk=iphoneos*]" = "";
				SDKROOT = iphoneos;
			};
			name = Release;
		};
/* End XCBuildConfiguration section */

/* Begin XCConfigurationList section */
		1D6058960D05DD3E006BFB54 /* Build configuration list for PBXNativeTarget "Box2DiOS" */ = {
			isa = XCConfigurationList;
			buildConfigurations = (
				1D6058940D05DD3E006BFB54 /* Debug */,
				1D6058950D05DD3E006BFB54 /* Release */,
			);
			defaultConfigurationIsVisible = 0;
			defaultConfigurationName = Release;
		};
		C01FCF4E08A954540054247B /* Build configuration list for PBXProject "Box2DiOS" */ = {
			isa = XCConfigurationList;
			buildConfigurations = (
				C01FCF4F08A954540054247B /* Debug */,
				C01FCF5008A954540054247B /* Release */,
			);
			defaultConfigurationIsVisible = 0;
			defaultConfigurationName = Release;
		};
/* End XCConfigurationList section */
	};
	rootObject = 29B97313FDCFA39411CA2CEA /* Project object */;
}
